// !$*UTF8*$!
{
	archiveVersion = 1;
	classes = {
	};
	objectVersion = 51;
	objects = {

/* Begin PBXBuildFile section */
		6D06DB1E249CC01D00F0A019 /* IAPManager.swift in Sources */ = {isa = PBXBuildFile; fileRef = 6D06DB1D249CC01D00F0A019 /* IAPManager.swift */; };
		6D0889F824A9A0A400428F50 /* CustomTextfield.swift in Sources */ = {isa = PBXBuildFile; fileRef = 6D0889F724A9A0A400428F50 /* CustomTextfield.swift */; };
		6D0889FA24A9A2E800428F50 /* UIKitTextField.swift in Sources */ = {isa = PBXBuildFile; fileRef = 6D0889F924A9A2E800428F50 /* UIKitTextField.swift */; };
		6D2B1F9D24904A070025E786 /* AppDelegate.swift in Sources */ = {isa = PBXBuildFile; fileRef = 6D2B1F9C24904A070025E786 /* AppDelegate.swift */; };
		6D2B1F9F24904A070025E786 /* SceneDelegate.swift in Sources */ = {isa = PBXBuildFile; fileRef = 6D2B1F9E24904A070025E786 /* SceneDelegate.swift */; };
		6D2B1FA224904A070025E786 /* Simple_List.xcdatamodeld in Sources */ = {isa = PBXBuildFile; fileRef = 6D2B1FA024904A070025E786 /* Simple_List.xcdatamodeld */; };
		6D2B1FA624904A110025E786 /* Assets.xcassets in Resources */ = {isa = PBXBuildFile; fileRef = 6D2B1FA524904A110025E786 /* Assets.xcassets */; };
		6D2B1FA924904A110025E786 /* Preview Assets.xcassets in Resources */ = {isa = PBXBuildFile; fileRef = 6D2B1FA824904A110025E786 /* Preview Assets.xcassets */; };
		6D2B1FAC24904A110025E786 /* LaunchScreen.storyboard in Resources */ = {isa = PBXBuildFile; fileRef = 6D2B1FAA24904A110025E786 /* LaunchScreen.storyboard */; };
		6D2B1FB724904A120025E786 /* Simple_ListTests.swift in Sources */ = {isa = PBXBuildFile; fileRef = 6D2B1FB624904A120025E786 /* Simple_ListTests.swift */; };
		6D2B1FC224904A120025E786 /* Simple_ListUITests.swift in Sources */ = {isa = PBXBuildFile; fileRef = 6D2B1FC124904A120025E786 /* Simple_ListUITests.swift */; };
		6D2B1FF924904B830025E786 /* Item+CoreDataClass.swift in Sources */ = {isa = PBXBuildFile; fileRef = 6D2B1FF724904B830025E786 /* Item+CoreDataClass.swift */; };
		6D2B1FFA24904B830025E786 /* Item+CoreDataProperties.swift in Sources */ = {isa = PBXBuildFile; fileRef = 6D2B1FF824904B830025E786 /* Item+CoreDataProperties.swift */; };
		6D2B20132490501D0025E786 /* Home.swift in Sources */ = {isa = PBXBuildFile; fileRef = 6D2B20122490501D0025E786 /* Home.swift */; };
		6D2B2015249050240025E786 /* List.swift in Sources */ = {isa = PBXBuildFile; fileRef = 6D2B2014249050240025E786 /* List.swift */; };
		6D2B20172490502B0025E786 /* Row.swift in Sources */ = {isa = PBXBuildFile; fileRef = 6D2B20162490502B0025E786 /* Row.swift */; };
		6D2B2019249050400025E786 /* ChangingButtons.swift in Sources */ = {isa = PBXBuildFile; fileRef = 6D2B2018249050400025E786 /* ChangingButtons.swift */; };
		6D2B201C249050550025E786 /* Globals.swift in Sources */ = {isa = PBXBuildFile; fileRef = 6D2B201B249050550025E786 /* Globals.swift */; };
		6D2B201E2490505E0025E786 /* Functions.swift in Sources */ = {isa = PBXBuildFile; fileRef = 6D2B201D2490505E0025E786 /* Functions.swift */; };
		6D2B2020249050690025E786 /* Extensions.swift in Sources */ = {isa = PBXBuildFile; fileRef = 6D2B201F249050690025E786 /* Extensions.swift */; };
		6D2B2022249050710025E786 /* AdaptsToSK.swift in Sources */ = {isa = PBXBuildFile; fileRef = 6D2B2021249050710025E786 /* AdaptsToSK.swift */; };
		6D2B2025249051400025E786 /* Misc.swift in Sources */ = {isa = PBXBuildFile; fileRef = 6D2B2024249051400025E786 /* Misc.swift */; };
		6D31227C24A21802009860F8 /* ErrorMessage.swift in Sources */ = {isa = PBXBuildFile; fileRef = 6D31227B24A21802009860F8 /* ErrorMessage.swift */; };
		6D6672252498DA6E00EA7058 /* BuyView.swift in Sources */ = {isa = PBXBuildFile; fileRef = 6D6672242498DA6E00EA7058 /* BuyView.swift */; };
		6D6672272498DB6B00EA7058 /* TestHome.swift in Sources */ = {isa = PBXBuildFile; fileRef = 6D6672262498DB6B00EA7058 /* TestHome.swift */; };
		6D8E1A6624AA0295006D218B /* HostingController.swift in Sources */ = {isa = PBXBuildFile; fileRef = 6D8E1A6524AA0295006D218B /* HostingController.swift */; };
		6D9969B924A8828D002D3CE0 /* AutoScroll.swift in Sources */ = {isa = PBXBuildFile; fileRef = 6D9969B824A8828D002D3CE0 /* AutoScroll.swift */; };
		6D9969BB24A882AC002D3CE0 /* AutoScrollTest.swift in Sources */ = {isa = PBXBuildFile; fileRef = 6D9969BA24A882AC002D3CE0 /* AutoScrollTest.swift */; };
		6DB0B0172499B95F0020CCAB /* UserSettings.swift in Sources */ = {isa = PBXBuildFile; fileRef = 6DB0B0162499B95F0020CCAB /* UserSettings.swift */; };
		6DB0B0192499B9900020CCAB /* SettingsView.swift in Sources */ = {isa = PBXBuildFile; fileRef = 6DB0B0182499B9900020CCAB /* SettingsView.swift */; };
		6DB0B01B2499FD8F0020CCAB /* AdView.swift in Sources */ = {isa = PBXBuildFile; fileRef = 6DB0B01A2499FD8F0020CCAB /* AdView.swift */; };
		6DDD831A249461E900D347C3 /* EditNameView.swift in Sources */ = {isa = PBXBuildFile; fileRef = 6DDD8319249461E900D347C3 /* EditNameView.swift */; };
		6DE4934D2493084E00C4FB02 /* CloudKit.framework in Frameworks */ = {isa = PBXBuildFile; fileRef = 6DE4934C2493084E00C4FB02 /* CloudKit.framework */; };
		6DE77BF224988FE6009DF678 /* RemoveAdsView.swift in Sources */ = {isa = PBXBuildFile; fileRef = 6DE77BF124988FE6009DF678 /* RemoveAdsView.swift */; };
		6DE77BF42498AE9D009DF678 /* StoreKit.framework in Frameworks */ = {isa = PBXBuildFile; fileRef = 6DE77BF32498AE9D009DF678 /* StoreKit.framework */; };
		7DB617522BDDF06CA99756E0 /* Pods_Simple_List_Simple_ListUITests.framework in Frameworks */ = {isa = PBXBuildFile; fileRef = 5F39C66B4012F7D4B5799CE0 /* Pods_Simple_List_Simple_ListUITests.framework */; };
		9DB6E4E2FE180EA013E06770 /* Pods_Simple_ListTests.framework in Frameworks */ = {isa = PBXBuildFile; fileRef = D30C939EB3B8B4EC86783C26 /* Pods_Simple_ListTests.framework */; };
		D92BF49B779A1D4A21881F0E /* Pods_Simple_List.framework in Frameworks */ = {isa = PBXBuildFile; fileRef = 36A028501DE6610D715AF742 /* Pods_Simple_List.framework */; };
/* End PBXBuildFile section */

/* Begin PBXContainerItemProxy section */
		6D2B1FB324904A120025E786 /* PBXContainerItemProxy */ = {
			isa = PBXContainerItemProxy;
			containerPortal = 6D2B1F9124904A070025E786 /* Project object */;
			proxyType = 1;
			remoteGlobalIDString = 6D2B1F9824904A070025E786;
			remoteInfo = "Simple List";
		};
		6D2B1FBE24904A120025E786 /* PBXContainerItemProxy */ = {
			isa = PBXContainerItemProxy;
			containerPortal = 6D2B1F9124904A070025E786 /* Project object */;
			proxyType = 1;
			remoteGlobalIDString = 6D2B1F9824904A070025E786;
			remoteInfo = "Simple List";
		};
/* End PBXContainerItemProxy section */

/* Begin PBXFileReference section */
		098720754696CDE80CBECF44 /* Pods-Simple List.debug.xcconfig */ = {isa = PBXFileReference; includeInIndex = 1; lastKnownFileType = text.xcconfig; name = "Pods-Simple List.debug.xcconfig"; path = "Target Support Files/Pods-Simple List/Pods-Simple List.debug.xcconfig"; sourceTree = "<group>"; };
		11E0EFEA0B15AA8E4ECB4049 /* Pods-Simple List-Simple ListUITests.release.xcconfig */ = {isa = PBXFileReference; includeInIndex = 1; lastKnownFileType = text.xcconfig; name = "Pods-Simple List-Simple ListUITests.release.xcconfig"; path = "Target Support Files/Pods-Simple List-Simple ListUITests/Pods-Simple List-Simple ListUITests.release.xcconfig"; sourceTree = "<group>"; };
		2D8590C72BF8E50C076697B9 /* Pods-Simple List-Simple ListUITests.debug.xcconfig */ = {isa = PBXFileReference; includeInIndex = 1; lastKnownFileType = text.xcconfig; name = "Pods-Simple List-Simple ListUITests.debug.xcconfig"; path = "Target Support Files/Pods-Simple List-Simple ListUITests/Pods-Simple List-Simple ListUITests.debug.xcconfig"; sourceTree = "<group>"; };
		36A028501DE6610D715AF742 /* Pods_Simple_List.framework */ = {isa = PBXFileReference; explicitFileType = wrapper.framework; includeInIndex = 0; path = Pods_Simple_List.framework; sourceTree = BUILT_PRODUCTS_DIR; };
		3F254C79CEE908BFD42BA13D /* Pods-Simple ListTests.release.xcconfig */ = {isa = PBXFileReference; includeInIndex = 1; lastKnownFileType = text.xcconfig; name = "Pods-Simple ListTests.release.xcconfig"; path = "Target Support Files/Pods-Simple ListTests/Pods-Simple ListTests.release.xcconfig"; sourceTree = "<group>"; };
		5F39C66B4012F7D4B5799CE0 /* Pods_Simple_List_Simple_ListUITests.framework */ = {isa = PBXFileReference; explicitFileType = wrapper.framework; includeInIndex = 0; path = Pods_Simple_List_Simple_ListUITests.framework; sourceTree = BUILT_PRODUCTS_DIR; };
		6AE8C91E7A82DC1AA73C0A7D /* Pods-Simple List.release.xcconfig */ = {isa = PBXFileReference; includeInIndex = 1; lastKnownFileType = text.xcconfig; name = "Pods-Simple List.release.xcconfig"; path = "Target Support Files/Pods-Simple List/Pods-Simple List.release.xcconfig"; sourceTree = "<group>"; };
		6D06DB1D249CC01D00F0A019 /* IAPManager.swift */ = {isa = PBXFileReference; lastKnownFileType = sourcecode.swift; path = IAPManager.swift; sourceTree = "<group>"; };
		6D0889F724A9A0A400428F50 /* CustomTextfield.swift */ = {isa = PBXFileReference; lastKnownFileType = sourcecode.swift; path = CustomTextfield.swift; sourceTree = "<group>"; };
		6D0889F924A9A2E800428F50 /* UIKitTextField.swift */ = {isa = PBXFileReference; lastKnownFileType = sourcecode.swift; path = UIKitTextField.swift; sourceTree = "<group>"; };
		6D2B1F9924904A070025E786 /* Simple List.app */ = {isa = PBXFileReference; explicitFileType = wrapper.application; includeInIndex = 0; path = "Simple List.app"; sourceTree = BUILT_PRODUCTS_DIR; };
		6D2B1F9C24904A070025E786 /* AppDelegate.swift */ = {isa = PBXFileReference; lastKnownFileType = sourcecode.swift; path = AppDelegate.swift; sourceTree = "<group>"; };
		6D2B1F9E24904A070025E786 /* SceneDelegate.swift */ = {isa = PBXFileReference; lastKnownFileType = sourcecode.swift; path = SceneDelegate.swift; sourceTree = "<group>"; };
		6D2B1FA124904A070025E786 /* Simple_List.xcdatamodel */ = {isa = PBXFileReference; lastKnownFileType = wrapper.xcdatamodel; path = Simple_List.xcdatamodel; sourceTree = "<group>"; };
		6D2B1FA524904A110025E786 /* Assets.xcassets */ = {isa = PBXFileReference; lastKnownFileType = folder.assetcatalog; path = Assets.xcassets; sourceTree = "<group>"; };
		6D2B1FA824904A110025E786 /* Preview Assets.xcassets */ = {isa = PBXFileReference; lastKnownFileType = folder.assetcatalog; path = "Preview Assets.xcassets"; sourceTree = "<group>"; };
		6D2B1FAB24904A110025E786 /* Base */ = {isa = PBXFileReference; lastKnownFileType = file.storyboard; name = Base; path = Base.lproj/LaunchScreen.storyboard; sourceTree = "<group>"; };
		6D2B1FAD24904A110025E786 /* Info.plist */ = {isa = PBXFileReference; lastKnownFileType = text.plist.xml; path = Info.plist; sourceTree = "<group>"; };
		6D2B1FB224904A120025E786 /* Simple ListTests.xctest */ = {isa = PBXFileReference; explicitFileType = wrapper.cfbundle; includeInIndex = 0; path = "Simple ListTests.xctest"; sourceTree = BUILT_PRODUCTS_DIR; };
		6D2B1FB624904A120025E786 /* Simple_ListTests.swift */ = {isa = PBXFileReference; lastKnownFileType = sourcecode.swift; path = Simple_ListTests.swift; sourceTree = "<group>"; };
		6D2B1FB824904A120025E786 /* Info.plist */ = {isa = PBXFileReference; lastKnownFileType = text.plist.xml; path = Info.plist; sourceTree = "<group>"; };
		6D2B1FBD24904A120025E786 /* Simple ListUITests.xctest */ = {isa = PBXFileReference; explicitFileType = wrapper.cfbundle; includeInIndex = 0; path = "Simple ListUITests.xctest"; sourceTree = BUILT_PRODUCTS_DIR; };
		6D2B1FC124904A120025E786 /* Simple_ListUITests.swift */ = {isa = PBXFileReference; lastKnownFileType = sourcecode.swift; path = Simple_ListUITests.swift; sourceTree = "<group>"; };
		6D2B1FC324904A120025E786 /* Info.plist */ = {isa = PBXFileReference; lastKnownFileType = text.plist.xml; path = Info.plist; sourceTree = "<group>"; };
		6D2B1FF724904B830025E786 /* Item+CoreDataClass.swift */ = {isa = PBXFileReference; lastKnownFileType = sourcecode.swift; path = "Item+CoreDataClass.swift"; sourceTree = "<group>"; };
		6D2B1FF824904B830025E786 /* Item+CoreDataProperties.swift */ = {isa = PBXFileReference; lastKnownFileType = sourcecode.swift; path = "Item+CoreDataProperties.swift"; sourceTree = "<group>"; };
		6D2B20122490501D0025E786 /* Home.swift */ = {isa = PBXFileReference; lastKnownFileType = sourcecode.swift; path = Home.swift; sourceTree = "<group>"; };
		6D2B2014249050240025E786 /* List.swift */ = {isa = PBXFileReference; lastKnownFileType = sourcecode.swift; path = List.swift; sourceTree = "<group>"; };
		6D2B20162490502B0025E786 /* Row.swift */ = {isa = PBXFileReference; lastKnownFileType = sourcecode.swift; path = Row.swift; sourceTree = "<group>"; };
		6D2B2018249050400025E786 /* ChangingButtons.swift */ = {isa = PBXFileReference; lastKnownFileType = sourcecode.swift; path = ChangingButtons.swift; sourceTree = "<group>"; };
		6D2B201B249050550025E786 /* Globals.swift */ = {isa = PBXFileReference; lastKnownFileType = sourcecode.swift; path = Globals.swift; sourceTree = "<group>"; };
		6D2B201D2490505E0025E786 /* Functions.swift */ = {isa = PBXFileReference; lastKnownFileType = sourcecode.swift; path = Functions.swift; sourceTree = "<group>"; };
		6D2B201F249050690025E786 /* Extensions.swift */ = {isa = PBXFileReference; lastKnownFileType = sourcecode.swift; path = Extensions.swift; sourceTree = "<group>"; };
		6D2B2021249050710025E786 /* AdaptsToSK.swift */ = {isa = PBXFileReference; lastKnownFileType = sourcecode.swift; path = AdaptsToSK.swift; sourceTree = "<group>"; };
		6D2B2024249051400025E786 /* Misc.swift */ = {isa = PBXFileReference; lastKnownFileType = sourcecode.swift; path = Misc.swift; sourceTree = "<group>"; };
		6D31227B24A21802009860F8 /* ErrorMessage.swift */ = {isa = PBXFileReference; lastKnownFileType = sourcecode.swift; path = ErrorMessage.swift; sourceTree = "<group>"; };
		6D6672242498DA6E00EA7058 /* BuyView.swift */ = {isa = PBXFileReference; lastKnownFileType = sourcecode.swift; path = BuyView.swift; sourceTree = "<group>"; };
		6D6672262498DB6B00EA7058 /* TestHome.swift */ = {isa = PBXFileReference; lastKnownFileType = sourcecode.swift; path = TestHome.swift; sourceTree = "<group>"; };
		6D8E1A6524AA0295006D218B /* HostingController.swift */ = {isa = PBXFileReference; lastKnownFileType = sourcecode.swift; path = HostingController.swift; sourceTree = "<group>"; };
		6D9969B824A8828D002D3CE0 /* AutoScroll.swift */ = {isa = PBXFileReference; lastKnownFileType = sourcecode.swift; path = AutoScroll.swift; sourceTree = "<group>"; };
		6D9969BA24A882AC002D3CE0 /* AutoScrollTest.swift */ = {isa = PBXFileReference; lastKnownFileType = sourcecode.swift; path = AutoScrollTest.swift; sourceTree = "<group>"; };
		6DB0B0162499B95F0020CCAB /* UserSettings.swift */ = {isa = PBXFileReference; lastKnownFileType = sourcecode.swift; path = UserSettings.swift; sourceTree = "<group>"; };
		6DB0B0182499B9900020CCAB /* SettingsView.swift */ = {isa = PBXFileReference; lastKnownFileType = sourcecode.swift; path = SettingsView.swift; sourceTree = "<group>"; };
		6DB0B01A2499FD8F0020CCAB /* AdView.swift */ = {isa = PBXFileReference; lastKnownFileType = sourcecode.swift; path = AdView.swift; sourceTree = "<group>"; };
		6DDD8319249461E900D347C3 /* EditNameView.swift */ = {isa = PBXFileReference; lastKnownFileType = sourcecode.swift; path = EditNameView.swift; sourceTree = "<group>"; };
		6DE4934A2493082D00C4FB02 /* Simple List.entitlements */ = {isa = PBXFileReference; lastKnownFileType = text.plist.entitlements; path = "Simple List.entitlements"; sourceTree = "<group>"; };
		6DE4934C2493084E00C4FB02 /* CloudKit.framework */ = {isa = PBXFileReference; lastKnownFileType = wrapper.framework; name = CloudKit.framework; path = System/Library/Frameworks/CloudKit.framework; sourceTree = SDKROOT; };
		6DE77BF124988FE6009DF678 /* RemoveAdsView.swift */ = {isa = PBXFileReference; lastKnownFileType = sourcecode.swift; path = RemoveAdsView.swift; sourceTree = "<group>"; };
		6DE77BF32498AE9D009DF678 /* StoreKit.framework */ = {isa = PBXFileReference; lastKnownFileType = wrapper.framework; name = StoreKit.framework; path = System/Library/Frameworks/StoreKit.framework; sourceTree = SDKROOT; };
		D30C939EB3B8B4EC86783C26 /* Pods_Simple_ListTests.framework */ = {isa = PBXFileReference; explicitFileType = wrapper.framework; includeInIndex = 0; path = Pods_Simple_ListTests.framework; sourceTree = BUILT_PRODUCTS_DIR; };
		EB7833AE7AEA904DFDC5AE3A /* Pods-Simple ListTests.debug.xcconfig */ = {isa = PBXFileReference; includeInIndex = 1; lastKnownFileType = text.xcconfig; name = "Pods-Simple ListTests.debug.xcconfig"; path = "Target Support Files/Pods-Simple ListTests/Pods-Simple ListTests.debug.xcconfig"; sourceTree = "<group>"; };
/* End PBXFileReference section */

/* Begin PBXFrameworksBuildPhase section */
		6D2B1F9624904A070025E786 /* Frameworks */ = {
			isa = PBXFrameworksBuildPhase;
			buildActionMask = 2147483647;
			files = (
				6DE4934D2493084E00C4FB02 /* CloudKit.framework in Frameworks */,
				6DE77BF42498AE9D009DF678 /* StoreKit.framework in Frameworks */,
				D92BF49B779A1D4A21881F0E /* Pods_Simple_List.framework in Frameworks */,
			);
			runOnlyForDeploymentPostprocessing = 0;
		};
		6D2B1FAF24904A120025E786 /* Frameworks */ = {
			isa = PBXFrameworksBuildPhase;
			buildActionMask = 2147483647;
			files = (
				9DB6E4E2FE180EA013E06770 /* Pods_Simple_ListTests.framework in Frameworks */,
			);
			runOnlyForDeploymentPostprocessing = 0;
		};
		6D2B1FBA24904A120025E786 /* Frameworks */ = {
			isa = PBXFrameworksBuildPhase;
			buildActionMask = 2147483647;
			files = (
				7DB617522BDDF06CA99756E0 /* Pods_Simple_List_Simple_ListUITests.framework in Frameworks */,
			);
			runOnlyForDeploymentPostprocessing = 0;
		};
/* End PBXFrameworksBuildPhase section */

/* Begin PBXGroup section */
		6D2B1F9024904A070025E786 = {
			isa = PBXGroup;
			children = (
				6D2B1F9B24904A070025E786 /* Simple List */,
				6D2B1FB524904A120025E786 /* Simple ListTests */,
				6D2B1FC024904A120025E786 /* Simple ListUITests */,
				6D2B1F9A24904A070025E786 /* Products */,
				6DE4934B2493084E00C4FB02 /* Frameworks */,
				76D98C7FBE9CBE69FE210578 /* Pods */,
			);
			sourceTree = "<group>";
		};
		6D2B1F9A24904A070025E786 /* Products */ = {
			isa = PBXGroup;
			children = (
				6D2B1F9924904A070025E786 /* Simple List.app */,
				6D2B1FB224904A120025E786 /* Simple ListTests.xctest */,
				6D2B1FBD24904A120025E786 /* Simple ListUITests.xctest */,
			);
			name = Products;
			sourceTree = "<group>";
		};
		6D2B1F9B24904A070025E786 /* Simple List */ = {
			isa = PBXGroup;
			children = (
				6DE4934A2493082D00C4FB02 /* Simple List.entitlements */,
				6D2B1F9C24904A070025E786 /* AppDelegate.swift */,
				6D2B1F9E24904A070025E786 /* SceneDelegate.swift */,
				6D2B2011249050130025E786 /* Views */,
				6D2B1FFC24904B9E0025E786 /* Data model */,
				6D2B201A249050470025E786 /* Helpers */,
				6D2B2023249051270025E786 /* Misc items */,
				6D2B1FA524904A110025E786 /* Assets.xcassets */,
				6D2B1FAD24904A110025E786 /* Info.plist */,
				6D2B1FAA24904A110025E786 /* LaunchScreen.storyboard */,
				6D2B1FA724904A110025E786 /* Preview Content */,
			);
			path = "Simple List";
			sourceTree = "<group>";
		};
		6D2B1FA724904A110025E786 /* Preview Content */ = {
			isa = PBXGroup;
			children = (
				6D2B1FA824904A110025E786 /* Preview Assets.xcassets */,
			);
			path = "Preview Content";
			sourceTree = "<group>";
		};
		6D2B1FB524904A120025E786 /* Simple ListTests */ = {
			isa = PBXGroup;
			children = (
				6D2B1FB624904A120025E786 /* Simple_ListTests.swift */,
				6D2B1FB824904A120025E786 /* Info.plist */,
			);
			path = "Simple ListTests";
			sourceTree = "<group>";
		};
		6D2B1FC024904A120025E786 /* Simple ListUITests */ = {
			isa = PBXGroup;
			children = (
				6D2B1FC124904A120025E786 /* Simple_ListUITests.swift */,
				6D2B1FC324904A120025E786 /* Info.plist */,
			);
			path = "Simple ListUITests";
			sourceTree = "<group>";
		};
		6D2B1FFC24904B9E0025E786 /* Data model */ = {
			isa = PBXGroup;
			children = (
				6D2B1FA024904A070025E786 /* Simple_List.xcdatamodeld */,
				6D2B1FF724904B830025E786 /* Item+CoreDataClass.swift */,
				6D2B1FF824904B830025E786 /* Item+CoreDataProperties.swift */,
			);
			path = "Data model";
			sourceTree = "<group>";
		};
		6D2B2011249050130025E786 /* Views */ = {
			isa = PBXGroup;
			children = (
				6D2B20122490501D0025E786 /* Home.swift */,
				6D2B2014249050240025E786 /* List.swift */,
				6D2B20162490502B0025E786 /* Row.swift */,
				6DDD8319249461E900D347C3 /* EditNameView.swift */,
				6D2B2018249050400025E786 /* ChangingButtons.swift */,
				6D31227B24A21802009860F8 /* ErrorMessage.swift */,
				6DE77BF124988FE6009DF678 /* RemoveAdsView.swift */,
				6DB0B01A2499FD8F0020CCAB /* AdView.swift */,
			);
			path = Views;
			sourceTree = "<group>";
		};
		6D2B201A249050470025E786 /* Helpers */ = {
			isa = PBXGroup;
			children = (
				6D2B201B249050550025E786 /* Globals.swift */,
				6D2B201D2490505E0025E786 /* Functions.swift */,
				6D06DB1D249CC01D00F0A019 /* IAPManager.swift */,
				6D2B201F249050690025E786 /* Extensions.swift */,
				6D8E1A6524AA0295006D218B /* HostingController.swift */,
				6D2B2021249050710025E786 /* AdaptsToSK.swift */,
				6D9969B824A8828D002D3CE0 /* AutoScroll.swift */,
			);
			path = Helpers;
			sourceTree = "<group>";
		};
		6D2B2023249051270025E786 /* Misc items */ = {
			isa = PBXGroup;
			children = (
				6D9969BA24A882AC002D3CE0 /* AutoScrollTest.swift */,
				6D0889F724A9A0A400428F50 /* CustomTextfield.swift */,
				6D0889F924A9A2E800428F50 /* UIKitTextField.swift */,
				6DB0B0182499B9900020CCAB /* SettingsView.swift */,
				6DB0B0162499B95F0020CCAB /* UserSettings.swift */,
				6D6672242498DA6E00EA7058 /* BuyView.swift */,
				6D6672262498DB6B00EA7058 /* TestHome.swift */,
				6D2B2024249051400025E786 /* Misc.swift */,
			);
			path = "Misc items";
			sourceTree = "<group>";
		};
		6DE4934B2493084E00C4FB02 /* Frameworks */ = {
			isa = PBXGroup;
			children = (
				6DE77BF32498AE9D009DF678 /* StoreKit.framework */,
				6DE4934C2493084E00C4FB02 /* CloudKit.framework */,
				36A028501DE6610D715AF742 /* Pods_Simple_List.framework */,
				5F39C66B4012F7D4B5799CE0 /* Pods_Simple_List_Simple_ListUITests.framework */,
				D30C939EB3B8B4EC86783C26 /* Pods_Simple_ListTests.framework */,
			);
			name = Frameworks;
			sourceTree = "<group>";
		};
		76D98C7FBE9CBE69FE210578 /* Pods */ = {
			isa = PBXGroup;
			children = (
				098720754696CDE80CBECF44 /* Pods-Simple List.debug.xcconfig */,
				6AE8C91E7A82DC1AA73C0A7D /* Pods-Simple List.release.xcconfig */,
				2D8590C72BF8E50C076697B9 /* Pods-Simple List-Simple ListUITests.debug.xcconfig */,
				11E0EFEA0B15AA8E4ECB4049 /* Pods-Simple List-Simple ListUITests.release.xcconfig */,
				EB7833AE7AEA904DFDC5AE3A /* Pods-Simple ListTests.debug.xcconfig */,
				3F254C79CEE908BFD42BA13D /* Pods-Simple ListTests.release.xcconfig */,
			);
			path = Pods;
			sourceTree = "<group>";
		};
/* End PBXGroup section */

/* Begin PBXNativeTarget section */
		6D2B1F9824904A070025E786 /* Simple List */ = {
			isa = PBXNativeTarget;
			buildConfigurationList = 6D2B1FC624904A120025E786 /* Build configuration list for PBXNativeTarget "Simple List" */;
			buildPhases = (
				57F0735303B76DA791AB8FF2 /* [CP] Check Pods Manifest.lock */,
				6D2B1F9524904A070025E786 /* Sources */,
				6D2B1F9624904A070025E786 /* Frameworks */,
				6D2B1F9724904A070025E786 /* Resources */,
				777016717840D967C3ACC1B8 /* [CP] Embed Pods Frameworks */,
			);
			buildRules = (
			);
			dependencies = (
			);
			name = "Simple List";
			productName = "Simple List";
			productReference = 6D2B1F9924904A070025E786 /* Simple List.app */;
			productType = "com.apple.product-type.application";
		};
		6D2B1FB124904A120025E786 /* Simple ListTests */ = {
			isa = PBXNativeTarget;
			buildConfigurationList = 6D2B1FC924904A120025E786 /* Build configuration list for PBXNativeTarget "Simple ListTests" */;
			buildPhases = (
				FDF56259BB4F29AA2461C722 /* [CP] Check Pods Manifest.lock */,
				6D2B1FAE24904A120025E786 /* Sources */,
				6D2B1FAF24904A120025E786 /* Frameworks */,
				6D2B1FB024904A120025E786 /* Resources */,
			);
			buildRules = (
			);
			dependencies = (
				6D2B1FB424904A120025E786 /* PBXTargetDependency */,
			);
			name = "Simple ListTests";
			productName = "Simple ListTests";
			productReference = 6D2B1FB224904A120025E786 /* Simple ListTests.xctest */;
			productType = "com.apple.product-type.bundle.unit-test";
		};
		6D2B1FBC24904A120025E786 /* Simple ListUITests */ = {
			isa = PBXNativeTarget;
			buildConfigurationList = 6D2B1FCC24904A120025E786 /* Build configuration list for PBXNativeTarget "Simple ListUITests" */;
			buildPhases = (
				A17D0CAB521D78A642A678C2 /* [CP] Check Pods Manifest.lock */,
				6D2B1FB924904A120025E786 /* Sources */,
				6D2B1FBA24904A120025E786 /* Frameworks */,
				6D2B1FBB24904A120025E786 /* Resources */,
				E70C14A3A6523B839536D2DC /* [CP] Embed Pods Frameworks */,
			);
			buildRules = (
			);
			dependencies = (
				6D2B1FBF24904A120025E786 /* PBXTargetDependency */,
			);
			name = "Simple ListUITests";
			productName = "Simple ListUITests";
			productReference = 6D2B1FBD24904A120025E786 /* Simple ListUITests.xctest */;
			productType = "com.apple.product-type.bundle.ui-testing";
		};
/* End PBXNativeTarget section */

/* Begin PBXProject section */
		6D2B1F9124904A070025E786 /* Project object */ = {
			isa = PBXProject;
			attributes = {
				LastSwiftUpdateCheck = 1150;
				LastUpgradeCheck = 1150;
				ORGANIZATIONNAME = "Chris Filiatrault";
				TargetAttributes = {
					6D2B1F9824904A070025E786 = {
						CreatedOnToolsVersion = 11.5;
					};
					6D2B1FB124904A120025E786 = {
						CreatedOnToolsVersion = 11.5;
						TestTargetID = 6D2B1F9824904A070025E786;
					};
					6D2B1FBC24904A120025E786 = {
						CreatedOnToolsVersion = 11.5;
						TestTargetID = 6D2B1F9824904A070025E786;
					};
				};
			};
			buildConfigurationList = 6D2B1F9424904A070025E786 /* Build configuration list for PBXProject "Simple List" */;
			compatibilityVersion = "Xcode 9.3";
			developmentRegion = en;
			hasScannedForEncodings = 0;
			knownRegions = (
				en,
				Base,
			);
			mainGroup = 6D2B1F9024904A070025E786;
			productRefGroup = 6D2B1F9A24904A070025E786 /* Products */;
			projectDirPath = "";
			projectRoot = "";
			targets = (
				6D2B1F9824904A070025E786 /* Simple List */,
				6D2B1FB124904A120025E786 /* Simple ListTests */,
				6D2B1FBC24904A120025E786 /* Simple ListUITests */,
			);
		};
/* End PBXProject section */

/* Begin PBXResourcesBuildPhase section */
		6D2B1F9724904A070025E786 /* Resources */ = {
			isa = PBXResourcesBuildPhase;
			buildActionMask = 2147483647;
			files = (
				6D2B1FAC24904A110025E786 /* LaunchScreen.storyboard in Resources */,
				6D2B1FA924904A110025E786 /* Preview Assets.xcassets in Resources */,
				6D2B1FA624904A110025E786 /* Assets.xcassets in Resources */,
			);
			runOnlyForDeploymentPostprocessing = 0;
		};
		6D2B1FB024904A120025E786 /* Resources */ = {
			isa = PBXResourcesBuildPhase;
			buildActionMask = 2147483647;
			files = (
			);
			runOnlyForDeploymentPostprocessing = 0;
		};
		6D2B1FBB24904A120025E786 /* Resources */ = {
			isa = PBXResourcesBuildPhase;
			buildActionMask = 2147483647;
			files = (
			);
			runOnlyForDeploymentPostprocessing = 0;
		};
/* End PBXResourcesBuildPhase section */

/* Begin PBXShellScriptBuildPhase section */
		57F0735303B76DA791AB8FF2 /* [CP] Check Pods Manifest.lock */ = {
			isa = PBXShellScriptBuildPhase;
			buildActionMask = 2147483647;
			files = (
			);
			inputFileListPaths = (
			);
			inputPaths = (
				"${PODS_PODFILE_DIR_PATH}/Podfile.lock",
				"${PODS_ROOT}/Manifest.lock",
			);
			name = "[CP] Check Pods Manifest.lock";
			outputFileListPaths = (
			);
			outputPaths = (
				"$(DERIVED_FILE_DIR)/Pods-Simple List-checkManifestLockResult.txt",
			);
			runOnlyForDeploymentPostprocessing = 0;
			shellPath = /bin/sh;
			shellScript = "diff \"${PODS_PODFILE_DIR_PATH}/Podfile.lock\" \"${PODS_ROOT}/Manifest.lock\" > /dev/null\nif [ $? != 0 ] ; then\n    # print error to STDERR\n    echo \"error: The sandbox is not in sync with the Podfile.lock. Run 'pod install' or update your CocoaPods installation.\" >&2\n    exit 1\nfi\n# This output is used by Xcode 'outputs' to avoid re-running this script phase.\necho \"SUCCESS\" > \"${SCRIPT_OUTPUT_FILE_0}\"\n";
			showEnvVarsInLog = 0;
		};
		777016717840D967C3ACC1B8 /* [CP] Embed Pods Frameworks */ = {
			isa = PBXShellScriptBuildPhase;
			buildActionMask = 2147483647;
			files = (
			);
			inputFileListPaths = (
				"${PODS_ROOT}/Target Support Files/Pods-Simple List/Pods-Simple List-frameworks-${CONFIGURATION}-input-files.xcfilelist",
			);
			name = "[CP] Embed Pods Frameworks";
			outputFileListPaths = (
				"${PODS_ROOT}/Target Support Files/Pods-Simple List/Pods-Simple List-frameworks-${CONFIGURATION}-output-files.xcfilelist",
			);
			runOnlyForDeploymentPostprocessing = 0;
			shellPath = /bin/sh;
			shellScript = "\"${PODS_ROOT}/Target Support Files/Pods-Simple List/Pods-Simple List-frameworks.sh\"\n";
			showEnvVarsInLog = 0;
		};
		A17D0CAB521D78A642A678C2 /* [CP] Check Pods Manifest.lock */ = {
			isa = PBXShellScriptBuildPhase;
			buildActionMask = 2147483647;
			files = (
			);
			inputFileListPaths = (
			);
			inputPaths = (
				"${PODS_PODFILE_DIR_PATH}/Podfile.lock",
				"${PODS_ROOT}/Manifest.lock",
			);
			name = "[CP] Check Pods Manifest.lock";
			outputFileListPaths = (
			);
			outputPaths = (
				"$(DERIVED_FILE_DIR)/Pods-Simple List-Simple ListUITests-checkManifestLockResult.txt",
			);
			runOnlyForDeploymentPostprocessing = 0;
			shellPath = /bin/sh;
			shellScript = "diff \"${PODS_PODFILE_DIR_PATH}/Podfile.lock\" \"${PODS_ROOT}/Manifest.lock\" > /dev/null\nif [ $? != 0 ] ; then\n    # print error to STDERR\n    echo \"error: The sandbox is not in sync with the Podfile.lock. Run 'pod install' or update your CocoaPods installation.\" >&2\n    exit 1\nfi\n# This output is used by Xcode 'outputs' to avoid re-running this script phase.\necho \"SUCCESS\" > \"${SCRIPT_OUTPUT_FILE_0}\"\n";
			showEnvVarsInLog = 0;
		};
		E70C14A3A6523B839536D2DC /* [CP] Embed Pods Frameworks */ = {
			isa = PBXShellScriptBuildPhase;
			buildActionMask = 2147483647;
			files = (
			);
			inputFileListPaths = (
				"${PODS_ROOT}/Target Support Files/Pods-Simple List-Simple ListUITests/Pods-Simple List-Simple ListUITests-frameworks-${CONFIGURATION}-input-files.xcfilelist",
			);
			name = "[CP] Embed Pods Frameworks";
			outputFileListPaths = (
				"${PODS_ROOT}/Target Support Files/Pods-Simple List-Simple ListUITests/Pods-Simple List-Simple ListUITests-frameworks-${CONFIGURATION}-output-files.xcfilelist",
			);
			runOnlyForDeploymentPostprocessing = 0;
			shellPath = /bin/sh;
			shellScript = "\"${PODS_ROOT}/Target Support Files/Pods-Simple List-Simple ListUITests/Pods-Simple List-Simple ListUITests-frameworks.sh\"\n";
			showEnvVarsInLog = 0;
		};
		FDF56259BB4F29AA2461C722 /* [CP] Check Pods Manifest.lock */ = {
			isa = PBXShellScriptBuildPhase;
			buildActionMask = 2147483647;
			files = (
			);
			inputFileListPaths = (
			);
			inputPaths = (
				"${PODS_PODFILE_DIR_PATH}/Podfile.lock",
				"${PODS_ROOT}/Manifest.lock",
			);
			name = "[CP] Check Pods Manifest.lock";
			outputFileListPaths = (
			);
			outputPaths = (
				"$(DERIVED_FILE_DIR)/Pods-Simple ListTests-checkManifestLockResult.txt",
			);
			runOnlyForDeploymentPostprocessing = 0;
			shellPath = /bin/sh;
			shellScript = "diff \"${PODS_PODFILE_DIR_PATH}/Podfile.lock\" \"${PODS_ROOT}/Manifest.lock\" > /dev/null\nif [ $? != 0 ] ; then\n    # print error to STDERR\n    echo \"error: The sandbox is not in sync with the Podfile.lock. Run 'pod install' or update your CocoaPods installation.\" >&2\n    exit 1\nfi\n# This output is used by Xcode 'outputs' to avoid re-running this script phase.\necho \"SUCCESS\" > \"${SCRIPT_OUTPUT_FILE_0}\"\n";
			showEnvVarsInLog = 0;
		};
/* End PBXShellScriptBuildPhase section */

/* Begin PBXSourcesBuildPhase section */
		6D2B1F9524904A070025E786 /* Sources */ = {
			isa = PBXSourcesBuildPhase;
			buildActionMask = 2147483647;
			files = (
				6DE77BF224988FE6009DF678 /* RemoveAdsView.swift in Sources */,
				6D0889FA24A9A2E800428F50 /* UIKitTextField.swift in Sources */,
				6D6672272498DB6B00EA7058 /* TestHome.swift in Sources */,
				6D2B1F9D24904A070025E786 /* AppDelegate.swift in Sources */,
				6D2B1F9F24904A070025E786 /* SceneDelegate.swift in Sources */,
				6D31227C24A21802009860F8 /* ErrorMessage.swift in Sources */,
				6D06DB1E249CC01D00F0A019 /* IAPManager.swift in Sources */,
				6D2B2019249050400025E786 /* ChangingButtons.swift in Sources */,
				6D2B2015249050240025E786 /* List.swift in Sources */,
				6D2B201E2490505E0025E786 /* Functions.swift in Sources */,
				6D2B1FF924904B830025E786 /* Item+CoreDataClass.swift in Sources */,
				6D6672252498DA6E00EA7058 /* BuyView.swift in Sources */,
				6D9969B924A8828D002D3CE0 /* AutoScroll.swift in Sources */,
				6D2B20172490502B0025E786 /* Row.swift in Sources */,
				6DDD831A249461E900D347C3 /* EditNameView.swift in Sources */,
				6DB0B01B2499FD8F0020CCAB /* AdView.swift in Sources */,
				6D2B2020249050690025E786 /* Extensions.swift in Sources */,
				6D2B2022249050710025E786 /* AdaptsToSK.swift in Sources */,
				6D8E1A6624AA0295006D218B /* HostingController.swift in Sources */,
				6D2B1FFA24904B830025E786 /* Item+CoreDataProperties.swift in Sources */,
				6D2B20132490501D0025E786 /* Home.swift in Sources */,
				6D9969BB24A882AC002D3CE0 /* AutoScrollTest.swift in Sources */,
				6D2B2025249051400025E786 /* Misc.swift in Sources */,
				6DB0B0172499B95F0020CCAB /* UserSettings.swift in Sources */,
				6D2B201C249050550025E786 /* Globals.swift in Sources */,
				6D2B1FA224904A070025E786 /* Simple_List.xcdatamodeld in Sources */,
				6D0889F824A9A0A400428F50 /* CustomTextfield.swift in Sources */,
				6DB0B0192499B9900020CCAB /* SettingsView.swift in Sources */,
			);
			runOnlyForDeploymentPostprocessing = 0;
		};
		6D2B1FAE24904A120025E786 /* Sources */ = {
			isa = PBXSourcesBuildPhase;
			buildActionMask = 2147483647;
			files = (
				6D2B1FB724904A120025E786 /* Simple_ListTests.swift in Sources */,
			);
			runOnlyForDeploymentPostprocessing = 0;
		};
		6D2B1FB924904A120025E786 /* Sources */ = {
			isa = PBXSourcesBuildPhase;
			buildActionMask = 2147483647;
			files = (
				6D2B1FC224904A120025E786 /* Simple_ListUITests.swift in Sources */,
			);
			runOnlyForDeploymentPostprocessing = 0;
		};
/* End PBXSourcesBuildPhase section */

/* Begin PBXTargetDependency section */
		6D2B1FB424904A120025E786 /* PBXTargetDependency */ = {
			isa = PBXTargetDependency;
			target = 6D2B1F9824904A070025E786 /* Simple List */;
			targetProxy = 6D2B1FB324904A120025E786 /* PBXContainerItemProxy */;
		};
		6D2B1FBF24904A120025E786 /* PBXTargetDependency */ = {
			isa = PBXTargetDependency;
			target = 6D2B1F9824904A070025E786 /* Simple List */;
			targetProxy = 6D2B1FBE24904A120025E786 /* PBXContainerItemProxy */;
		};
/* End PBXTargetDependency section */

/* Begin PBXVariantGroup section */
		6D2B1FAA24904A110025E786 /* LaunchScreen.storyboard */ = {
			isa = PBXVariantGroup;
			children = (
				6D2B1FAB24904A110025E786 /* Base */,
			);
			name = LaunchScreen.storyboard;
			sourceTree = "<group>";
		};
/* End PBXVariantGroup section */

/* Begin XCBuildConfiguration section */
		6D2B1FC424904A120025E786 /* Debug */ = {
			isa = XCBuildConfiguration;
			buildSettings = {
				ALWAYS_SEARCH_USER_PATHS = NO;
				CLANG_ANALYZER_NONNULL = YES;
				CLANG_ANALYZER_NUMBER_OBJECT_CONVERSION = YES_AGGRESSIVE;
				CLANG_CXX_LANGUAGE_STANDARD = "gnu++14";
				CLANG_CXX_LIBRARY = "libc++";
				CLANG_ENABLE_MODULES = YES;
				CLANG_ENABLE_OBJC_ARC = YES;
				CLANG_ENABLE_OBJC_WEAK = YES;
				CLANG_WARN_BLOCK_CAPTURE_AUTORELEASING = YES;
				CLANG_WARN_BOOL_CONVERSION = YES;
				CLANG_WARN_COMMA = YES;
				CLANG_WARN_CONSTANT_CONVERSION = YES;
				CLANG_WARN_DEPRECATED_OBJC_IMPLEMENTATIONS = YES;
				CLANG_WARN_DIRECT_OBJC_ISA_USAGE = YES_ERROR;
				CLANG_WARN_DOCUMENTATION_COMMENTS = YES;
				CLANG_WARN_EMPTY_BODY = YES;
				CLANG_WARN_ENUM_CONVERSION = YES;
				CLANG_WARN_INFINITE_RECURSION = YES;
				CLANG_WARN_INT_CONVERSION = YES;
				CLANG_WARN_NON_LITERAL_NULL_CONVERSION = YES;
				CLANG_WARN_OBJC_IMPLICIT_RETAIN_SELF = YES;
				CLANG_WARN_OBJC_LITERAL_CONVERSION = YES;
				CLANG_WARN_OBJC_ROOT_CLASS = YES_ERROR;
				CLANG_WARN_RANGE_LOOP_ANALYSIS = YES;
				CLANG_WARN_STRICT_PROTOTYPES = YES;
				CLANG_WARN_SUSPICIOUS_MOVE = YES;
				CLANG_WARN_UNGUARDED_AVAILABILITY = YES_AGGRESSIVE;
				CLANG_WARN_UNREACHABLE_CODE = YES;
				CLANG_WARN__DUPLICATE_METHOD_MATCH = YES;
				COPY_PHASE_STRIP = NO;
				DEBUG_INFORMATION_FORMAT = dwarf;
				ENABLE_STRICT_OBJC_MSGSEND = YES;
				ENABLE_TESTABILITY = YES;
				GCC_C_LANGUAGE_STANDARD = gnu11;
				GCC_DYNAMIC_NO_PIC = NO;
				GCC_NO_COMMON_BLOCKS = YES;
				GCC_OPTIMIZATION_LEVEL = 0;
				GCC_PREPROCESSOR_DEFINITIONS = (
					"DEBUG=1",
					"$(inherited)",
				);
				GCC_WARN_64_TO_32_BIT_CONVERSION = YES;
				GCC_WARN_ABOUT_RETURN_TYPE = YES_ERROR;
				GCC_WARN_UNDECLARED_SELECTOR = YES;
				GCC_WARN_UNINITIALIZED_AUTOS = YES_AGGRESSIVE;
				GCC_WARN_UNUSED_FUNCTION = YES;
				GCC_WARN_UNUSED_VARIABLE = YES;
				IPHONEOS_DEPLOYMENT_TARGET = 13.0;
				MTL_ENABLE_DEBUG_INFO = INCLUDE_SOURCE;
				MTL_FAST_MATH = YES;
				ONLY_ACTIVE_ARCH = YES;
				SDKROOT = iphoneos;
				SWIFT_ACTIVE_COMPILATION_CONDITIONS = DEBUG;
				SWIFT_OPTIMIZATION_LEVEL = "-Onone";
				TARGETED_DEVICE_FAMILY = "1,2";
			};
			name = Debug;
		};
		6D2B1FC524904A120025E786 /* Release */ = {
			isa = XCBuildConfiguration;
			buildSettings = {
				ALWAYS_SEARCH_USER_PATHS = NO;
				CLANG_ANALYZER_NONNULL = YES;
				CLANG_ANALYZER_NUMBER_OBJECT_CONVERSION = YES_AGGRESSIVE;
				CLANG_CXX_LANGUAGE_STANDARD = "gnu++14";
				CLANG_CXX_LIBRARY = "libc++";
				CLANG_ENABLE_MODULES = YES;
				CLANG_ENABLE_OBJC_ARC = YES;
				CLANG_ENABLE_OBJC_WEAK = YES;
				CLANG_WARN_BLOCK_CAPTURE_AUTORELEASING = YES;
				CLANG_WARN_BOOL_CONVERSION = YES;
				CLANG_WARN_COMMA = YES;
				CLANG_WARN_CONSTANT_CONVERSION = YES;
				CLANG_WARN_DEPRECATED_OBJC_IMPLEMENTATIONS = YES;
				CLANG_WARN_DIRECT_OBJC_ISA_USAGE = YES_ERROR;
				CLANG_WARN_DOCUMENTATION_COMMENTS = YES;
				CLANG_WARN_EMPTY_BODY = YES;
				CLANG_WARN_ENUM_CONVERSION = YES;
				CLANG_WARN_INFINITE_RECURSION = YES;
				CLANG_WARN_INT_CONVERSION = YES;
				CLANG_WARN_NON_LITERAL_NULL_CONVERSION = YES;
				CLANG_WARN_OBJC_IMPLICIT_RETAIN_SELF = YES;
				CLANG_WARN_OBJC_LITERAL_CONVERSION = YES;
				CLANG_WARN_OBJC_ROOT_CLASS = YES_ERROR;
				CLANG_WARN_RANGE_LOOP_ANALYSIS = YES;
				CLANG_WARN_STRICT_PROTOTYPES = YES;
				CLANG_WARN_SUSPICIOUS_MOVE = YES;
				CLANG_WARN_UNGUARDED_AVAILABILITY = YES_AGGRESSIVE;
				CLANG_WARN_UNREACHABLE_CODE = YES;
				CLANG_WARN__DUPLICATE_METHOD_MATCH = YES;
				COPY_PHASE_STRIP = NO;
				DEBUG_INFORMATION_FORMAT = "dwarf-with-dsym";
				ENABLE_NS_ASSERTIONS = NO;
				ENABLE_STRICT_OBJC_MSGSEND = YES;
				GCC_C_LANGUAGE_STANDARD = gnu11;
				GCC_NO_COMMON_BLOCKS = YES;
				GCC_WARN_64_TO_32_BIT_CONVERSION = YES;
				GCC_WARN_ABOUT_RETURN_TYPE = YES_ERROR;
				GCC_WARN_UNDECLARED_SELECTOR = YES;
				GCC_WARN_UNINITIALIZED_AUTOS = YES_AGGRESSIVE;
				GCC_WARN_UNUSED_FUNCTION = YES;
				GCC_WARN_UNUSED_VARIABLE = YES;
				IPHONEOS_DEPLOYMENT_TARGET = 13.0;
				MTL_ENABLE_DEBUG_INFO = NO;
				MTL_FAST_MATH = YES;
				SDKROOT = iphoneos;
				SWIFT_COMPILATION_MODE = wholemodule;
				SWIFT_OPTIMIZATION_LEVEL = "-O";
				TARGETED_DEVICE_FAMILY = "1,2";
				VALIDATE_PRODUCT = YES;
			};
			name = Release;
		};
		6D2B1FC724904A120025E786 /* Debug */ = {
			isa = XCBuildConfiguration;
			baseConfigurationReference = 098720754696CDE80CBECF44 /* Pods-Simple List.debug.xcconfig */;
			buildSettings = {
				ASSETCATALOG_COMPILER_APPICON_NAME = AppIcon;
				CODE_SIGN_ENTITLEMENTS = "Simple List/Simple List.entitlements";
				CODE_SIGN_STYLE = Automatic;
				CURRENT_PROJECT_VERSION = 1;
				DEVELOPMENT_ASSET_PATHS = "\"Simple List/Preview Content\"";
				DEVELOPMENT_TEAM = U29H955YLN;
				ENABLE_PREVIEWS = YES;
				INFOPLIST_FILE = "Simple List/Info.plist";
				IPHONEOS_DEPLOYMENT_TARGET = 13.0;
				LD_RUNPATH_SEARCH_PATHS = (
					"$(inherited)",
					"@executable_path/Frameworks",
				);
				MARKETING_VERSION = 2.3;
				PRODUCT_BUNDLE_IDENTIFIER = "com.cfiliatrault.Simple-List";
				PRODUCT_NAME = "Simple List";
				SWIFT_VERSION = 5.0;
				TARGETED_DEVICE_FAMILY = "1,2";
			};
			name = Debug;
		};
		6D2B1FC824904A120025E786 /* Release */ = {
			isa = XCBuildConfiguration;
			baseConfigurationReference = 6AE8C91E7A82DC1AA73C0A7D /* Pods-Simple List.release.xcconfig */;
			buildSettings = {
				ASSETCATALOG_COMPILER_APPICON_NAME = AppIcon;
				CODE_SIGN_ENTITLEMENTS = "Simple List/Simple List.entitlements";
				CODE_SIGN_STYLE = Automatic;
				CURRENT_PROJECT_VERSION = 1;
				DEVELOPMENT_ASSET_PATHS = "\"Simple List/Preview Content\"";
				DEVELOPMENT_TEAM = U29H955YLN;
				ENABLE_PREVIEWS = YES;
				INFOPLIST_FILE = "Simple List/Info.plist";
				IPHONEOS_DEPLOYMENT_TARGET = 13.0;
				LD_RUNPATH_SEARCH_PATHS = (
					"$(inherited)",
					"@executable_path/Frameworks",
				);
				MARKETING_VERSION = 2.3;
				PRODUCT_BUNDLE_IDENTIFIER = "com.cfiliatrault.Simple-List";
				PRODUCT_NAME = "Simple List";
				SWIFT_VERSION = 5.0;
				TARGETED_DEVICE_FAMILY = "1,2";
			};
			name = Release;
		};
		6D2B1FCA24904A120025E786 /* Debug */ = {
			isa = XCBuildConfiguration;
			baseConfigurationReference = EB7833AE7AEA904DFDC5AE3A /* Pods-Simple ListTests.debug.xcconfig */;
			buildSettings = {
				ALWAYS_EMBED_SWIFT_STANDARD_LIBRARIES = YES;
				BUNDLE_LOADER = "$(TEST_HOST)";
				CODE_SIGN_STYLE = Automatic;
				DEVELOPMENT_TEAM = U29H955YLN;
				INFOPLIST_FILE = "Simple ListTests/Info.plist";
				IPHONEOS_DEPLOYMENT_TARGET = 13.5;
				LD_RUNPATH_SEARCH_PATHS = (
					"$(inherited)",
					"@executable_path/Frameworks",
					"@loader_path/Frameworks",
				);
				PRODUCT_BUNDLE_IDENTIFIER = "com.cfiliatrault.Simple-ListTests";
				PRODUCT_NAME = "$(TARGET_NAME)";
				SWIFT_VERSION = 5.0;
				TARGETED_DEVICE_FAMILY = "1,2";
				TEST_HOST = "$(BUILT_PRODUCTS_DIR)/Simple List.app/Simple List";
			};
			name = Debug;
		};
		6D2B1FCB24904A120025E786 /* Release */ = {
			isa = XCBuildConfiguration;
			baseConfigurationReference = 3F254C79CEE908BFD42BA13D /* Pods-Simple ListTests.release.xcconfig */;
			buildSettings = {
				ALWAYS_EMBED_SWIFT_STANDARD_LIBRARIES = YES;
				BUNDLE_LOADER = "$(TEST_HOST)";
				CODE_SIGN_STYLE = Automatic;
				DEVELOPMENT_TEAM = U29H955YLN;
				INFOPLIST_FILE = "Simple ListTests/Info.plist";
				IPHONEOS_DEPLOYMENT_TARGET = 13.5;
				LD_RUNPATH_SEARCH_PATHS = (
					"$(inherited)",
					"@executable_path/Frameworks",
					"@loader_path/Frameworks",
				);
				PRODUCT_BUNDLE_IDENTIFIER = "com.cfiliatrault.Simple-ListTests";
				PRODUCT_NAME = "$(TARGET_NAME)";
				SWIFT_VERSION = 5.0;
				TARGETED_DEVICE_FAMILY = "1,2";
				TEST_HOST = "$(BUILT_PRODUCTS_DIR)/Simple List.app/Simple List";
			};
			name = Release;
		};
		6D2B1FCD24904A120025E786 /* Debug */ = {
			isa = XCBuildConfiguration;
			baseConfigurationReference = 2D8590C72BF8E50C076697B9 /* Pods-Simple List-Simple ListUITests.debug.xcconfig */;
			buildSettings = {
				ALWAYS_EMBED_SWIFT_STANDARD_LIBRARIES = YES;
				CODE_SIGN_STYLE = Automatic;
				DEVELOPMENT_TEAM = U29H955YLN;
				INFOPLIST_FILE = "Simple ListUITests/Info.plist";
				LD_RUNPATH_SEARCH_PATHS = (
					"$(inherited)",
					"@executable_path/Frameworks",
					"@loader_path/Frameworks",
				);
				PRODUCT_BUNDLE_IDENTIFIER = "com.cfiliatrault.Simple-ListUITests";
				PRODUCT_NAME = "$(TARGET_NAME)";
				SWIFT_VERSION = 5.0;
				TARGETED_DEVICE_FAMILY = "1,2";
				TEST_TARGET_NAME = "Simple List";
			};
			name = Debug;
		};
		6D2B1FCE24904A120025E786 /* Release */ = {
			isa = XCBuildConfiguration;
			baseConfigurationReference = 11E0EFEA0B15AA8E4ECB4049 /* Pods-Simple List-Simple ListUITests.release.xcconfig */;
			buildSettings = {
				ALWAYS_EMBED_SWIFT_STANDARD_LIBRARIES = YES;
				CODE_SIGN_STYLE = Automatic;
				DEVELOPMENT_TEAM = U29H955YLN;
				INFOPLIST_FILE = "Simple ListUITests/Info.plist";
				LD_RUNPATH_SEARCH_PATHS = (
					"$(inherited)",
					"@executable_path/Frameworks",
					"@loader_path/Frameworks",
				);
				PRODUCT_BUNDLE_IDENTIFIER = "com.cfiliatrault.Simple-ListUITests";
				PRODUCT_NAME = "$(TARGET_NAME)";
				SWIFT_VERSION = 5.0;
				TARGETED_DEVICE_FAMILY = "1,2";
				TEST_TARGET_NAME = "Simple List";
			};
			name = Release;
		};
/* End XCBuildConfiguration section */

/* Begin XCConfigurationList section */
		6D2B1F9424904A070025E786 /* Build configuration list for PBXProject "Simple List" */ = {
			isa = XCConfigurationList;
			buildConfigurations = (
				6D2B1FC424904A120025E786 /* Debug */,
				6D2B1FC524904A120025E786 /* Release */,
			);
			defaultConfigurationIsVisible = 0;
			defaultConfigurationName = Release;
		};
		6D2B1FC624904A120025E786 /* Build configuration list for PBXNativeTarget "Simple List" */ = {
			isa = XCConfigurationList;
			buildConfigurations = (
				6D2B1FC724904A120025E786 /* Debug */,
				6D2B1FC824904A120025E786 /* Release */,
			);
			defaultConfigurationIsVisible = 0;
			defaultConfigurationName = Release;
		};
		6D2B1FC924904A120025E786 /* Build configuration list for PBXNativeTarget "Simple ListTests" */ = {
			isa = XCConfigurationList;
			buildConfigurations = (
				6D2B1FCA24904A120025E786 /* Debug */,
				6D2B1FCB24904A120025E786 /* Release */,
			);
			defaultConfigurationIsVisible = 0;
			defaultConfigurationName = Release;
		};
		6D2B1FCC24904A120025E786 /* Build configuration list for PBXNativeTarget "Simple ListUITests" */ = {
			isa = XCConfigurationList;
			buildConfigurations = (
				6D2B1FCD24904A120025E786 /* Debug */,
				6D2B1FCE24904A120025E786 /* Release */,
			);
			defaultConfigurationIsVisible = 0;
			defaultConfigurationName = Release;
		};
/* End XCConfigurationList section */

/* Begin XCVersionGroup section */
		6D2B1FA024904A070025E786 /* Simple_List.xcdatamodeld */ = {
			isa = XCVersionGroup;
			children = (
				6D2B1FA124904A070025E786 /* Simple_List.xcdatamodel */,
			);
			currentVersion = 6D2B1FA124904A070025E786 /* Simple_List.xcdatamodel */;
			path = Simple_List.xcdatamodeld;
			sourceTree = "<group>";
			versionGroupType = wrapper.xcdatamodel;
		};
/* End XCVersionGroup section */
	};
	rootObject = 6D2B1F9124904A070025E786 /* Project object */;
}
